// !$*UTF8*$!
{
	archiveVersion = 1;
	classes = {
	};
	objectVersion = 46;
	objects = {

/* Begin PBXBuildFile section */
		6D1662241AFE63DF0072495E /* data.c in Sources */ = {isa = PBXBuildFile; fileRef = 6D3661A01AF7B61F00629175 /* data.c */; };
		6D1662251AFE63DF0072495E /* libP2P.c in Sources */ = {isa = PBXBuildFile; fileRef = 6D3661A21AF7B61F00629175 /* libP2P.c */; };
		6D1662261AFE63DF0072495E /* main.c in Sources */ = {isa = PBXBuildFile; fileRef = 6D3661A41AF7B61F00629175 /* main.c */; };
		6D1662271AFE63DF0072495E /* server.c in Sources */ = {isa = PBXBuildFile; fileRef = 6D3661B31AF7B69A00629175 /* server.c */; };
		6D1662281AFE63DF0072495E /* session.c in Sources */ = {isa = PBXBuildFile; fileRef = 6D3661A51AF7B61F00629175 /* session.c */; };
		6D1662291AFE63DF0072495E /* task.c in Sources */ = {isa = PBXBuildFile; fileRef = 6D3661A71AF7B61F00629175 /* task.c */; };
		6D16622A1AFE63DF0072495E /* thread.c in Sources */ = {isa = PBXBuildFile; fileRef = 6D3661A91AF7B61F00629175 /* thread.c */; };
		6D16622C1AFE64500072495E /* linklist.c in Sources */ = {isa = PBXBuildFile; fileRef = 6D3661971AF7B60400629175 /* linklist.c */; };
		6D16622D1AFE64500072495E /* log.c in Sources */ = {isa = PBXBuildFile; fileRef = 6D3661991AF7B60400629175 /* log.c */; };
		6D16622E1AFE64500072495E /* tools.c in Sources */ = {isa = PBXBuildFile; fileRef = 6D36619C1AF7B60400629175 /* tools.c */; };
		6D16622F1AFE64500072495E /* uuid.c in Sources */ = {isa = PBXBuildFile; fileRef = 6D36619E1AF7B60400629175 /* uuid.c */; };
		6D1662301AFE64500072495E /* lan.c in Sources */ = {isa = PBXBuildFile; fileRef = 6D3661B11AF7B68900629175 /* lan.c */; };
		6D1662311AFE64500072495E /* socket_control.c in Sources */ = {isa = PBXBuildFile; fileRef = 6D3661B51AF7B6AD00629175 /* socket_control.c */; };
		6D1662321AFE64500072495E /* socket.c in Sources */ = {isa = PBXBuildFile; fileRef = 6D3661B71AF7B6AD00629175 /* socket.c */; };
		6DDB5CA91AFF16AB005E79D5 /* gtest-death-test.cpp in Sources */ = {isa = PBXBuildFile; fileRef = 6DDB5CA21AFF16AB005E79D5 /* gtest-death-test.cpp */; };
		6DDB5CAA1AFF16AB005E79D5 /* gtest-filepath.cpp in Sources */ = {isa = PBXBuildFile; fileRef = 6DDB5CA31AFF16AB005E79D5 /* gtest-filepath.cpp */; };
		6DDB5CAB1AFF16AB005E79D5 /* gtest-port.cpp in Sources */ = {isa = PBXBuildFile; fileRef = 6DDB5CA41AFF16AB005E79D5 /* gtest-port.cpp */; };
		6DDB5CAC1AFF16AB005E79D5 /* gtest-printers.cpp in Sources */ = {isa = PBXBuildFile; fileRef = 6DDB5CA51AFF16AB005E79D5 /* gtest-printers.cpp */; };
		6DDB5CAD1AFF16AB005E79D5 /* gtest-test-part.cpp in Sources */ = {isa = PBXBuildFile; fileRef = 6DDB5CA61AFF16AB005E79D5 /* gtest-test-part.cpp */; };
		6DDB5CAE1AFF16AB005E79D5 /* gtest-typed-test.cpp in Sources */ = {isa = PBXBuildFile; fileRef = 6DDB5CA71AFF16AB005E79D5 /* gtest-typed-test.cpp */; };
		6DDB5CAF1AFF16AB005E79D5 /* gtest.cpp in Sources */ = {isa = PBXBuildFile; fileRef = 6DDB5CA81AFF16AB005E79D5 /* gtest.cpp */; };
		6DDB5CB31AFF1710005E79D5 /* gtest_linklist.cpp in Sources */ = {isa = PBXBuildFile; fileRef = 6DDB5CB01AFF1710005E79D5 /* gtest_linklist.cpp */; };
		6DDB5CB41AFF1710005E79D5 /* gtest_thread.cpp in Sources */ = {isa = PBXBuildFile; fileRef = 6DDB5CB11AFF1710005E79D5 /* gtest_thread.cpp */; };
		6DDB5CBA1AFF17BD005E79D5 /* data.c in Sources */ = {isa = PBXBuildFile; fileRef = 6D3661A01AF7B61F00629175 /* data.c */; };
		6DDB5CBB1AFF17BD005E79D5 /* libP2P.c in Sources */ = {isa = PBXBuildFile; fileRef = 6D3661A21AF7B61F00629175 /* libP2P.c */; };
		6DDB5CBD1AFF17BD005E79D5 /* server.c in Sources */ = {isa = PBXBuildFile; fileRef = 6D3661B31AF7B69A00629175 /* server.c */; };
		6DDB5CBE1AFF17BD005E79D5 /* session.c in Sources */ = {isa = PBXBuildFile; fileRef = 6D3661A51AF7B61F00629175 /* session.c */; };
		6DDB5CBF1AFF17BD005E79D5 /* socket_control.c in Sources */ = {isa = PBXBuildFile; fileRef = 6D3661B51AF7B6AD00629175 /* socket_control.c */; };
		6DDB5CC01AFF17BD005E79D5 /* socket.c in Sources */ = {isa = PBXBuildFile; fileRef = 6D3661B71AF7B6AD00629175 /* socket.c */; };
		6DDB5CC11AFF17BD005E79D5 /* task.c in Sources */ = {isa = PBXBuildFile; fileRef = 6D3661A71AF7B61F00629175 /* task.c */; };
		6DDB5CC21AFF17BD005E79D5 /* thread.c in Sources */ = {isa = PBXBuildFile; fileRef = 6D3661A91AF7B61F00629175 /* thread.c */; };
		6DDB5CC31AFF17D1005E79D5 /* linklist.c in Sources */ = {isa = PBXBuildFile; fileRef = 6D3661971AF7B60400629175 /* linklist.c */; };
		6DDB5CC41AFF17E4005E79D5 /* tools.c in Sources */ = {isa = PBXBuildFile; fileRef = 6D36619C1AF7B60400629175 /* tools.c */; };
		6DDB5CC51AFF17EC005E79D5 /* log.c in Sources */ = {isa = PBXBuildFile; fileRef = 6D3661991AF7B60400629175 /* log.c */; };
		6DDB5CC61AFF17F7005E79D5 /* lan.c in Sources */ = {isa = PBXBuildFile; fileRef = 6D3661B11AF7B68900629175 /* lan.c */; };
		6DDB5CC71AFF1809005E79D5 /* uuid.c in Sources */ = {isa = PBXBuildFile; fileRef = 6D36619E1AF7B60400629175 /* uuid.c */; };
		6DDB5CC91AFF187C005E79D5 /* main.cpp in Sources */ = {isa = PBXBuildFile; fileRef = 6DDB5CC81AFF187C005E79D5 /* main.cpp */; };
/* End PBXBuildFile section */

/* Begin PBXCopyFilesBuildPhase section */
		6DDB5C6E1AFF163D005E79D5 /* CopyFiles */ = {
			isa = PBXCopyFilesBuildPhase;
			buildActionMask = 2147483647;
			dstPath = /usr/share/man/man1/;
			dstSubfolderSpec = 0;
			files = (
			);
			runOnlyForDeploymentPostprocessing = 1;
		};
/* End PBXCopyFilesBuildPhase section */

/* Begin PBXFileReference section */
		6D1662191AFE63AE0072495E /* libP2P.dylib */ = {isa = PBXFileReference; explicitFileType = "compiled.mach-o.dylib"; includeInIndex = 0; path = libP2P.dylib; sourceTree = BUILT_PRODUCTS_DIR; };
		6D3661961AF7B60400629175 /* config.h */ = {isa = PBXFileReference; lastKnownFileType = sourcecode.c.h; name = config.h; path = ../src/basic/config.h; sourceTree = "<group>"; };
		6D3661971AF7B60400629175 /* linklist.c */ = {isa = PBXFileReference; lastKnownFileType = sourcecode.c.c; name = linklist.c; path = ../src/basic/linklist.c; sourceTree = "<group>"; };
		6D3661981AF7B60400629175 /* linklist.h */ = {isa = PBXFileReference; lastKnownFileType = sourcecode.c.h; name = linklist.h; path = ../src/basic/linklist.h; sourceTree = "<group>"; };
		6D3661991AF7B60400629175 /* log.c */ = {isa = PBXFileReference; lastKnownFileType = sourcecode.c.c; name = log.c; path = ../src/basic/log.c; sourceTree = "<group>"; };
		6D36619A1AF7B60400629175 /* log.h */ = {isa = PBXFileReference; lastKnownFileType = sourcecode.c.h; name = log.h; path = ../src/basic/log.h; sourceTree = "<group>"; };
		6D36619B1AF7B60400629175 /* protocal.h */ = {isa = PBXFileReference; lastKnownFileType = sourcecode.c.h; name = protocal.h; path = ../src/basic/protocal.h; sourceTree = "<group>"; };
		6D36619C1AF7B60400629175 /* tools.c */ = {isa = PBXFileReference; lastKnownFileType = sourcecode.c.c; name = tools.c; path = ../src/basic/tools.c; sourceTree = "<group>"; };
		6D36619D1AF7B60400629175 /* tools.h */ = {isa = PBXFileReference; lastKnownFileType = sourcecode.c.h; name = tools.h; path = ../src/basic/tools.h; sourceTree = "<group>"; };
		6D36619E1AF7B60400629175 /* uuid.c */ = {isa = PBXFileReference; lastKnownFileType = sourcecode.c.c; name = uuid.c; path = ../src/basic/uuid.c; sourceTree = "<group>"; };
		6D36619F1AF7B60400629175 /* uuid.h */ = {isa = PBXFileReference; lastKnownFileType = sourcecode.c.h; name = uuid.h; path = ../src/basic/uuid.h; sourceTree = "<group>"; };
		6D3661A01AF7B61F00629175 /* data.c */ = {isa = PBXFileReference; lastKnownFileType = sourcecode.c.c; name = data.c; path = ../src/data.c; sourceTree = "<group>"; };
		6D3661A11AF7B61F00629175 /* data.h */ = {isa = PBXFileReference; lastKnownFileType = sourcecode.c.h; name = data.h; path = ../src/data.h; sourceTree = "<group>"; };
		6D3661A21AF7B61F00629175 /* libP2P.c */ = {isa = PBXFileReference; lastKnownFileType = sourcecode.c.c; name = libP2P.c; path = ../src/libP2P.c; sourceTree = "<group>"; };
		6D3661A31AF7B61F00629175 /* libP2P.h */ = {isa = PBXFileReference; lastKnownFileType = sourcecode.c.h; name = libP2P.h; path = ../src/libP2P.h; sourceTree = "<group>"; };
		6D3661A41AF7B61F00629175 /* main.c */ = {isa = PBXFileReference; lastKnownFileType = sourcecode.c.c; name = main.c; path = ../src/main.c; sourceTree = "<group>"; };
		6D3661A51AF7B61F00629175 /* session.c */ = {isa = PBXFileReference; lastKnownFileType = sourcecode.c.c; name = session.c; path = ../src/session.c; sourceTree = "<group>"; };
		6D3661A61AF7B61F00629175 /* session.h */ = {isa = PBXFileReference; lastKnownFileType = sourcecode.c.h; name = session.h; path = ../src/session.h; sourceTree = "<group>"; };
		6D3661A71AF7B61F00629175 /* task.c */ = {isa = PBXFileReference; lastKnownFileType = sourcecode.c.c; name = task.c; path = ../src/task.c; sourceTree = "<group>"; };
		6D3661A81AF7B61F00629175 /* task.h */ = {isa = PBXFileReference; lastKnownFileType = sourcecode.c.h; name = task.h; path = ../src/task.h; sourceTree = "<group>"; };
		6D3661A91AF7B61F00629175 /* thread.c */ = {isa = PBXFileReference; lastKnownFileType = sourcecode.c.c; name = thread.c; path = ../src/thread.c; sourceTree = "<group>"; };
		6D3661AA1AF7B61F00629175 /* thread.h */ = {isa = PBXFileReference; lastKnownFileType = sourcecode.c.h; name = thread.h; path = ../src/thread.h; sourceTree = "<group>"; };
		6D3661AF1AF7B65500629175 /* def.h */ = {isa = PBXFileReference; lastKnownFileType = sourcecode.c.h; name = def.h; path = ../src/def/def.h; sourceTree = "<group>"; };
		6D3661B11AF7B68900629175 /* lan.c */ = {isa = PBXFileReference; lastKnownFileType = sourcecode.c.c; name = lan.c; path = ../src/module/lan/lan.c; sourceTree = "<group>"; };
		6D3661B21AF7B68900629175 /* lan.h */ = {isa = PBXFileReference; lastKnownFileType = sourcecode.c.h; name = lan.h; path = ../src/module/lan/lan.h; sourceTree = "<group>"; };
		6D3661B31AF7B69A00629175 /* server.c */ = {isa = PBXFileReference; lastKnownFileType = sourcecode.c.c; name = server.c; path = ../src/server/server.c; sourceTree = "<group>"; };
		6D3661B41AF7B69A00629175 /* server.h */ = {isa = PBXFileReference; lastKnownFileType = sourcecode.c.h; name = server.h; path = ../src/server/server.h; sourceTree = "<group>"; };
		6D3661B51AF7B6AD00629175 /* socket_control.c */ = {isa = PBXFileReference; lastKnownFileType = sourcecode.c.c; name = socket_control.c; path = ../src/socket/socket_control.c; sourceTree = "<group>"; };
		6D3661B61AF7B6AD00629175 /* socket_control.h */ = {isa = PBXFileReference; lastKnownFileType = sourcecode.c.h; name = socket_control.h; path = ../src/socket/socket_control.h; sourceTree = "<group>"; };
		6D3661B71AF7B6AD00629175 /* socket.c */ = {isa = PBXFileReference; lastKnownFileType = sourcecode.c.c; name = socket.c; path = ../src/socket/socket.c; sourceTree = "<group>"; };
		6D3661B81AF7B6AD00629175 /* socket.h */ = {isa = PBXFileReference; lastKnownFileType = sourcecode.c.h; name = socket.h; path = ../src/socket/socket.h; sourceTree = "<group>"; };
		6DDB5C701AFF163D005E79D5 /* gtest */ = {isa = PBXFileReference; explicitFileType = "compiled.mach-o.executable"; includeInIndex = 0; path = gtest; sourceTree = BUILT_PRODUCTS_DIR; };
		6DDB5CA21AFF16AB005E79D5 /* gtest-death-test.cpp */ = {isa = PBXFileReference; fileEncoding = 4; lastKnownFileType = sourcecode.cpp.cpp; name = "gtest-death-test.cpp"; path = "../../gtest/xcode/src/gtest-death-test.cpp"; sourceTree = "<group>"; };
		6DDB5CA31AFF16AB005E79D5 /* gtest-filepath.cpp */ = {isa = PBXFileReference; fileEncoding = 4; lastKnownFileType = sourcecode.cpp.cpp; name = "gtest-filepath.cpp"; path = "../../gtest/xcode/src/gtest-filepath.cpp"; sourceTree = "<group>"; };
		6DDB5CA41AFF16AB005E79D5 /* gtest-port.cpp */ = {isa = PBXFileReference; fileEncoding = 4; lastKnownFileType = sourcecode.cpp.cpp; name = "gtest-port.cpp"; path = "../../gtest/xcode/src/gtest-port.cpp"; sourceTree = "<group>"; };
		6DDB5CA51AFF16AB005E79D5 /* gtest-printers.cpp */ = {isa = PBXFileReference; fileEncoding = 4; lastKnownFileType = sourcecode.cpp.cpp; name = "gtest-printers.cpp"; path = "../../gtest/xcode/src/gtest-printers.cpp"; sourceTree = "<group>"; };
		6DDB5CA61AFF16AB005E79D5 /* gtest-test-part.cpp */ = {isa = PBXFileReference; fileEncoding = 4; lastKnownFileType = sourcecode.cpp.cpp; name = "gtest-test-part.cpp"; path = "../../gtest/xcode/src/gtest-test-part.cpp"; sourceTree = "<group>"; };
		6DDB5CA71AFF16AB005E79D5 /* gtest-typed-test.cpp */ = {isa = PBXFileReference; fileEncoding = 4; lastKnownFileType = sourcecode.cpp.cpp; name = "gtest-typed-test.cpp"; path = "../../gtest/xcode/src/gtest-typed-test.cpp"; sourceTree = "<group>"; };
		6DDB5CA81AFF16AB005E79D5 /* gtest.cpp */ = {isa = PBXFileReference; fileEncoding = 4; lastKnownFileType = sourcecode.cpp.cpp; name = gtest.cpp; path = ../../gtest/xcode/src/gtest.cpp; sourceTree = "<group>"; };
		6DDB5CB01AFF1710005E79D5 /* gtest_linklist.cpp */ = {isa = PBXFileReference; fileEncoding = 4; lastKnownFileType = sourcecode.cpp.cpp; name = gtest_linklist.cpp; path = ../../gtest/gtest_linklist.cpp; sourceTree = "<group>"; };
		6DDB5CB11AFF1710005E79D5 /* gtest_thread.cpp */ = {isa = PBXFileReference; fileEncoding = 4; lastKnownFileType = sourcecode.cpp.cpp; name = gtest_thread.cpp; path = ../../gtest/gtest_thread.cpp; sourceTree = "<group>"; };
		6DDB5CC81AFF187C005E79D5 /* main.cpp */ = {isa = PBXFileReference; fileEncoding = 4; lastKnownFileType = sourcecode.cpp.cpp; path = main.cpp; sourceTree = "<group>"; };
/* End PBXFileReference section */

/* Begin PBXFrameworksBuildPhase section */
		6D1662161AFE63AE0072495E /* Frameworks */ = {
			isa = PBXFrameworksBuildPhase;
			buildActionMask = 2147483647;
			files = (
			);
			runOnlyForDeploymentPostprocessing = 0;
		};
		6DDB5C6D1AFF163D005E79D5 /* Frameworks */ = {
			isa = PBXFrameworksBuildPhase;
			buildActionMask = 2147483647;
			files = (
			);
			runOnlyForDeploymentPostprocessing = 0;
		};
/* End PBXFrameworksBuildPhase section */

/* Begin PBXGroup section */
		6D3661941AF7B5D600629175 /* src */ = {
			isa = PBXGroup;
			children = (
				6D3661951AF7B5E200629175 /* basic */,
				6D3661A01AF7B61F00629175 /* data.c */,
				6D3661A11AF7B61F00629175 /* data.h */,
				6D3661AB1AF7B62A00629175 /* def */,
				6D3661A21AF7B61F00629175 /* libP2P.c */,
				6D3661A31AF7B61F00629175 /* libP2P.h */,
				6D3661A41AF7B61F00629175 /* main.c */,
				6D3661AC1AF7B63000629175 /* module */,
				6D3661AD1AF7B63700629175 /* server */,
				6D3661A51AF7B61F00629175 /* session.c */,
				6D3661A61AF7B61F00629175 /* session.h */,
				6D3661AE1AF7B63F00629175 /* socket */,
				6D3661A71AF7B61F00629175 /* task.c */,
				6D3661A81AF7B61F00629175 /* task.h */,
				6D3661A91AF7B61F00629175 /* thread.c */,
				6D3661AA1AF7B61F00629175 /* thread.h */,
			);
			name = src;
			sourceTree = "<group>";
		};
		6D3661951AF7B5E200629175 /* basic */ = {
			isa = PBXGroup;
			children = (
				6D3661961AF7B60400629175 /* config.h */,
				6D3661971AF7B60400629175 /* linklist.c */,
				6D3661981AF7B60400629175 /* linklist.h */,
				6D3661991AF7B60400629175 /* log.c */,
				6D36619A1AF7B60400629175 /* log.h */,
				6D36619B1AF7B60400629175 /* protocal.h */,
				6D36619C1AF7B60400629175 /* tools.c */,
				6D36619D1AF7B60400629175 /* tools.h */,
				6D36619E1AF7B60400629175 /* uuid.c */,
				6D36619F1AF7B60400629175 /* uuid.h */,
			);
			name = basic;
			sourceTree = "<group>";
		};
		6D3661AB1AF7B62A00629175 /* def */ = {
			isa = PBXGroup;
			children = (
				6D3661AF1AF7B65500629175 /* def.h */,
			);
			name = def;
			sourceTree = "<group>";
		};
		6D3661AC1AF7B63000629175 /* module */ = {
			isa = PBXGroup;
			children = (
				6D3661B01AF7B66900629175 /* lan */,
			);
			name = module;
			sourceTree = "<group>";
		};
		6D3661AD1AF7B63700629175 /* server */ = {
			isa = PBXGroup;
			children = (
				6D3661B31AF7B69A00629175 /* server.c */,
				6D3661B41AF7B69A00629175 /* server.h */,
			);
			name = server;
			sourceTree = "<group>";
		};
		6D3661AE1AF7B63F00629175 /* socket */ = {
			isa = PBXGroup;
			children = (
				6D3661B51AF7B6AD00629175 /* socket_control.c */,
				6D3661B61AF7B6AD00629175 /* socket_control.h */,
				6D3661B71AF7B6AD00629175 /* socket.c */,
				6D3661B81AF7B6AD00629175 /* socket.h */,
			);
			name = socket;
			sourceTree = "<group>";
		};
		6D3661B01AF7B66900629175 /* lan */ = {
			isa = PBXGroup;
			children = (
				6D3661B11AF7B68900629175 /* lan.c */,
				6D3661B21AF7B68900629175 /* lan.h */,
			);
			name = lan;
			sourceTree = "<group>";
		};
		6D3661BE1AF7B70800629175 /* Products */ = {
			isa = PBXGroup;
			children = (
				6D1662191AFE63AE0072495E /* libP2P.dylib */,
				6DDB5C701AFF163D005E79D5 /* gtest */,
			);
			name = Products;
			sourceTree = "<group>";
		};
		6DDB5C711AFF163D005E79D5 /* gtest */ = {
			isa = PBXGroup;
			children = (
				6DDB5CB01AFF1710005E79D5 /* gtest_linklist.cpp */,
				6DDB5CA21AFF16AB005E79D5 /* gtest-death-test.cpp */,
				6DDB5CA31AFF16AB005E79D5 /* gtest-filepath.cpp */,
				6DDB5CA41AFF16AB005E79D5 /* gtest-port.cpp */,
				6DDB5CA51AFF16AB005E79D5 /* gtest-printers.cpp */,
				6DDB5CA61AFF16AB005E79D5 /* gtest-test-part.cpp */,
				6DDB5CA71AFF16AB005E79D5 /* gtest-typed-test.cpp */,
				6DDB5CA81AFF16AB005E79D5 /* gtest.cpp */,
				6DDB5CC81AFF187C005E79D5 /* main.cpp */,
				6DDB5CB11AFF1710005E79D5 /* gtest_thread.cpp */,
			);
			path = gtest;
			sourceTree = "<group>";
		};
		6DFD45A31AF7B59C00DD2E01 = {
			isa = PBXGroup;
			children = (
				6D3661941AF7B5D600629175 /* src */,
				6DDB5C711AFF163D005E79D5 /* gtest */,
				6D3661BE1AF7B70800629175 /* Products */,
			);
			sourceTree = "<group>";
		};
/* End PBXGroup section */

/* Begin PBXHeadersBuildPhase section */
		6D1662171AFE63AE0072495E /* Headers */ = {
			isa = PBXHeadersBuildPhase;
			buildActionMask = 2147483647;
			files = (
			);
			runOnlyForDeploymentPostprocessing = 0;
		};
/* End PBXHeadersBuildPhase section */

/* Begin PBXNativeTarget section */
		6D1662181AFE63AE0072495E /* P2P */ = {
			isa = PBXNativeTarget;
			buildConfigurationList = 6D1662211AFE63AF0072495E /* Build configuration list for PBXNativeTarget "P2P" */;
			buildPhases = (
				6D1662151AFE63AE0072495E /* Sources */,
				6D1662161AFE63AE0072495E /* Frameworks */,
				6D1662171AFE63AE0072495E /* Headers */,
			);
			buildRules = (
			);
			dependencies = (
			);
			name = P2P;
			productName = P2P;
			productReference = 6D1662191AFE63AE0072495E /* libP2P.dylib */;
			productType = "com.apple.product-type.library.dynamic";
		};
		6DDB5C6F1AFF163D005E79D5 /* gtest */ = {
			isa = PBXNativeTarget;
			buildConfigurationList = 6DDB5C741AFF163D005E79D5 /* Build configuration list for PBXNativeTarget "gtest" */;
			buildPhases = (
				6DDB5C6C1AFF163D005E79D5 /* Sources */,
				6DDB5C6D1AFF163D005E79D5 /* Frameworks */,
				6DDB5C6E1AFF163D005E79D5 /* CopyFiles */,
			);
			buildRules = (
			);
			dependencies = (
			);
			name = gtest;
			productName = gtest;
			productReference = 6DDB5C701AFF163D005E79D5 /* gtest */;
			productType = "com.apple.product-type.tool";
		};
/* End PBXNativeTarget section */

/* Begin PBXProject section */
		6DFD45A41AF7B59C00DD2E01 /* Project object */ = {
			isa = PBXProject;
			attributes = {
				LastUpgradeCheck = 0630;
				TargetAttributes = {
					6D1662181AFE63AE0072495E = {
						CreatedOnToolsVersion = 6.3.1;
					};
					6DDB5C6F1AFF163D005E79D5 = {
						CreatedOnToolsVersion = 6.3.1;
					};
				};
			};
			buildConfigurationList = 6DFD45A71AF7B59C00DD2E01 /* Build configuration list for PBXProject "libP2P" */;
			compatibilityVersion = "Xcode 3.2";
			developmentRegion = English;
			hasScannedForEncodings = 0;
			knownRegions = (
				en,
			);
			mainGroup = 6DFD45A31AF7B59C00DD2E01;
			productRefGroup = 6D3661BE1AF7B70800629175 /* Products */;
			projectDirPath = "";
			projectRoot = "";
			targets = (
				6D1662181AFE63AE0072495E /* P2P */,
				6DDB5C6F1AFF163D005E79D5 /* gtest */,
			);
		};
/* End PBXProject section */

/* Begin PBXSourcesBuildPhase section */
		6D1662151AFE63AE0072495E /* Sources */ = {
			isa = PBXSourcesBuildPhase;
			buildActionMask = 2147483647;
			files = (
				6D16622C1AFE64500072495E /* linklist.c in Sources */,
				6D16622D1AFE64500072495E /* log.c in Sources */,
				6D16622E1AFE64500072495E /* tools.c in Sources */,
				6D16622F1AFE64500072495E /* uuid.c in Sources */,
				6D1662301AFE64500072495E /* lan.c in Sources */,
				6D1662311AFE64500072495E /* socket_control.c in Sources */,
				6D1662321AFE64500072495E /* socket.c in Sources */,
				6D1662241AFE63DF0072495E /* data.c in Sources */,
				6D1662251AFE63DF0072495E /* libP2P.c in Sources */,
				6D1662261AFE63DF0072495E /* main.c in Sources */,
				6D1662271AFE63DF0072495E /* server.c in Sources */,
				6D1662281AFE63DF0072495E /* session.c in Sources */,
				6D1662291AFE63DF0072495E /* task.c in Sources */,
				6D16622A1AFE63DF0072495E /* thread.c in Sources */,
			);
			runOnlyForDeploymentPostprocessing = 0;
		};
		6DDB5C6C1AFF163D005E79D5 /* Sources */ = {
			isa = PBXSourcesBuildPhase;
			buildActionMask = 2147483647;
			files = (
				6DDB5CC71AFF1809005E79D5 /* uuid.c in Sources */,
				6DDB5CC61AFF17F7005E79D5 /* lan.c in Sources */,
				6DDB5CC51AFF17EC005E79D5 /* log.c in Sources */,
				6DDB5CC41AFF17E4005E79D5 /* tools.c in Sources */,
				6DDB5CC31AFF17D1005E79D5 /* linklist.c in Sources */,
				6DDB5CBA1AFF17BD005E79D5 /* data.c in Sources */,
				6DDB5CBB1AFF17BD005E79D5 /* libP2P.c in Sources */,
				6DDB5CC91AFF187C005E79D5 /* main.cpp in Sources */,
				6DDB5CBD1AFF17BD005E79D5 /* server.c in Sources */,
				6DDB5CBE1AFF17BD005E79D5 /* session.c in Sources */,
				6DDB5CBF1AFF17BD005E79D5 /* socket_control.c in Sources */,
				6DDB5CC01AFF17BD005E79D5 /* socket.c in Sources */,
				6DDB5CC11AFF17BD005E79D5 /* task.c in Sources */,
				6DDB5CC21AFF17BD005E79D5 /* thread.c in Sources */,
				6DDB5CB31AFF1710005E79D5 /* gtest_linklist.cpp in Sources */,
				6DDB5CB41AFF1710005E79D5 /* gtest_thread.cpp in Sources */,
				6DDB5CAB1AFF16AB005E79D5 /* gtest-port.cpp in Sources */,
				6DDB5CAF1AFF16AB005E79D5 /* gtest.cpp in Sources */,
				6DDB5CAA1AFF16AB005E79D5 /* gtest-filepath.cpp in Sources */,
				6DDB5CAC1AFF16AB005E79D5 /* gtest-printers.cpp in Sources */,
				6DDB5CA91AFF16AB005E79D5 /* gtest-death-test.cpp in Sources */,
				6DDB5CAE1AFF16AB005E79D5 /* gtest-typed-test.cpp in Sources */,
				6DDB5CAD1AFF16AB005E79D5 /* gtest-test-part.cpp in Sources */,
			);
			runOnlyForDeploymentPostprocessing = 0;
		};
/* End PBXSourcesBuildPhase section */

/* Begin XCBuildConfiguration section */
		6D1662221AFE63AF0072495E /* Debug */ = {
			isa = XCBuildConfiguration;
			buildSettings = {
				ALWAYS_SEARCH_USER_PATHS = NO;
				CLANG_CXX_LANGUAGE_STANDARD = "gnu++0x";
				CLANG_CXX_LIBRARY = "libc++";
				CLANG_ENABLE_MODULES = YES;
				CLANG_ENABLE_OBJC_ARC = YES;
				CLANG_WARN_BOOL_CONVERSION = YES;
				CLANG_WARN_CONSTANT_CONVERSION = YES;
				CLANG_WARN_DIRECT_OBJC_ISA_USAGE = YES_ERROR;
				CLANG_WARN_EMPTY_BODY = YES;
				CLANG_WARN_ENUM_CONVERSION = YES;
				CLANG_WARN_INT_CONVERSION = YES;
				CLANG_WARN_OBJC_ROOT_CLASS = YES_ERROR;
				CLANG_WARN_UNREACHABLE_CODE = YES;
				CLANG_WARN__DUPLICATE_METHOD_MATCH = YES;
				COPY_PHASE_STRIP = NO;
				DEBUG_INFORMATION_FORMAT = dwarf;
				DYLIB_COMPATIBILITY_VERSION = 1;
				DYLIB_CURRENT_VERSION = 1;
				ENABLE_STRICT_OBJC_MSGSEND = YES;
				EXECUTABLE_PREFIX = lib;
				GCC_C_LANGUAGE_STANDARD = gnu99;
				GCC_DYNAMIC_NO_PIC = NO;
				GCC_ENABLE_CPP_EXCEPTIONS = YES;
				GCC_ENABLE_CPP_RTTI = YES;
				GCC_NO_COMMON_BLOCKS = YES;
				GCC_OPTIMIZATION_LEVEL = 0;
				GCC_PREPROCESSOR_DEFINITIONS = (
					"DEBUG=1",
					"$(inherited)",
				);
				GCC_SYMBOLS_PRIVATE_EXTERN = NO;
				GCC_WARN_64_TO_32_BIT_CONVERSION = YES;
				GCC_WARN_ABOUT_RETURN_TYPE = YES_ERROR;
				GCC_WARN_UNDECLARED_SELECTOR = YES;
				GCC_WARN_UNINITIALIZED_AUTOS = YES_AGGRESSIVE;
				GCC_WARN_UNUSED_FUNCTION = YES;
				GCC_WARN_UNUSED_VARIABLE = YES;
				HEADER_SEARCH_PATHS = (
					"$(inherited)",
					/Applications/Xcode.app/Contents/Developer/Toolchains/XcodeDefault.xctoolchain/usr/include,
					../src,
				);
				MACOSX_DEPLOYMENT_TARGET = 10.10;
				MTL_ENABLE_DEBUG_INFO = YES;
				ONLY_ACTIVE_ARCH = YES;
				PRODUCT_NAME = "$(TARGET_NAME)";
				SDKROOT = macosx;
			};
			name = Debug;
		};
		6D1662231AFE63AF0072495E /* Release */ = {
			isa = XCBuildConfiguration;
			buildSettings = {
				ALWAYS_SEARCH_USER_PATHS = NO;
				CLANG_CXX_LANGUAGE_STANDARD = "gnu++0x";
				CLANG_CXX_LIBRARY = "libc++";
				CLANG_ENABLE_MODULES = YES;
				CLANG_ENABLE_OBJC_ARC = YES;
				CLANG_WARN_BOOL_CONVERSION = YES;
				CLANG_WARN_CONSTANT_CONVERSION = YES;
				CLANG_WARN_DIRECT_OBJC_ISA_USAGE = YES_ERROR;
				CLANG_WARN_EMPTY_BODY = YES;
				CLANG_WARN_ENUM_CONVERSION = YES;
				CLANG_WARN_INT_CONVERSION = YES;
				CLANG_WARN_OBJC_ROOT_CLASS = YES_ERROR;
				CLANG_WARN_UNREACHABLE_CODE = YES;
				CLANG_WARN__DUPLICATE_METHOD_MATCH = YES;
				COPY_PHASE_STRIP = NO;
				DEBUG_INFORMATION_FORMAT = "dwarf-with-dsym";
				DYLIB_COMPATIBILITY_VERSION = 1;
				DYLIB_CURRENT_VERSION = 1;
				ENABLE_NS_ASSERTIONS = NO;
				ENABLE_STRICT_OBJC_MSGSEND = YES;
				EXECUTABLE_PREFIX = lib;
				GCC_C_LANGUAGE_STANDARD = gnu99;
				GCC_ENABLE_CPP_EXCEPTIONS = YES;
				GCC_ENABLE_CPP_RTTI = YES;
				GCC_NO_COMMON_BLOCKS = YES;
				GCC_SYMBOLS_PRIVATE_EXTERN = YES;
				GCC_WARN_64_TO_32_BIT_CONVERSION = YES;
				GCC_WARN_ABOUT_RETURN_TYPE = YES_ERROR;
				GCC_WARN_UNDECLARED_SELECTOR = YES;
				GCC_WARN_UNINITIALIZED_AUTOS = YES_AGGRESSIVE;
				GCC_WARN_UNUSED_FUNCTION = YES;
				GCC_WARN_UNUSED_VARIABLE = YES;
				HEADER_SEARCH_PATHS = (
					"$(inherited)",
					/Applications/Xcode.app/Contents/Developer/Toolchains/XcodeDefault.xctoolchain/usr/include,
					../src,
				);
				MACOSX_DEPLOYMENT_TARGET = 10.10;
				MTL_ENABLE_DEBUG_INFO = NO;
				PRODUCT_NAME = "$(TARGET_NAME)";
				SDKROOT = macosx;
			};
			name = Release;
		};
		6DDB5C751AFF163D005E79D5 /* Debug */ = {
			isa = XCBuildConfiguration;
			buildSettings = {
				ALWAYS_SEARCH_USER_PATHS = NO;
				CLANG_CXX_LANGUAGE_STANDARD = "gnu++0x";
				CLANG_CXX_LIBRARY = "libc++";
				CLANG_ENABLE_MODULES = YES;
				CLANG_ENABLE_OBJC_ARC = YES;
				CLANG_WARN_BOOL_CONVERSION = YES;
				CLANG_WARN_CONSTANT_CONVERSION = YES;
				CLANG_WARN_DIRECT_OBJC_ISA_USAGE = YES_ERROR;
				CLANG_WARN_EMPTY_BODY = YES;
				CLANG_WARN_ENUM_CONVERSION = YES;
				CLANG_WARN_INT_CONVERSION = YES;
				CLANG_WARN_OBJC_ROOT_CLASS = YES_ERROR;
				CLANG_WARN_UNREACHABLE_CODE = YES;
				CLANG_WARN__DUPLICATE_METHOD_MATCH = YES;
				COPY_PHASE_STRIP = NO;
				DEBUG_INFORMATION_FORMAT = dwarf;
				ENABLE_STRICT_OBJC_MSGSEND = YES;
				GCC_C_LANGUAGE_STANDARD = gnu99;
				GCC_DYNAMIC_NO_PIC = NO;
				GCC_NO_COMMON_BLOCKS = YES;
				GCC_OPTIMIZATION_LEVEL = 0;
				GCC_PREPROCESSOR_DEFINITIONS = (
					"DEBUG=1",
					"$(inherited)",
				);
				GCC_SYMBOLS_PRIVATE_EXTERN = NO;
				GCC_WARN_64_TO_32_BIT_CONVERSION = YES;
				GCC_WARN_ABOUT_RETURN_TYPE = YES_ERROR;
				GCC_WARN_UNDECLARED_SELECTOR = YES;
				GCC_WARN_UNINITIALIZED_AUTOS = YES_AGGRESSIVE;
				GCC_WARN_UNUSED_FUNCTION = YES;
				GCC_WARN_UNUSED_VARIABLE = YES;
				HEADER_SEARCH_PATHS = (
					"$(inherited)",
					/Applications/Xcode.app/Contents/Developer/Toolchains/XcodeDefault.xctoolchain/usr/include,
					../gtest/xcode/include,
					../gtest/xcode,
					../src,
					../gtest/xcode/src,
					../gtest,
				);
				MACOSX_DEPLOYMENT_TARGET = 10.10;
				MTL_ENABLE_DEBUG_INFO = YES;
				ONLY_ACTIVE_ARCH = YES;
				PRODUCT_NAME = "$(TARGET_NAME)";
				SDKROOT = macosx;
			};
			name = Debug;
		};
		6DDB5C761AFF163D005E79D5 /* Release */ = {
			isa = XCBuildConfiguration;
			buildSettings = {
				ALWAYS_SEARCH_USER_PATHS = NO;
				CLANG_CXX_LANGUAGE_STANDARD = "gnu++0x";
				CLANG_CXX_LIBRARY = "libc++";
				CLANG_ENABLE_MODULES = YES;
				CLANG_ENABLE_OBJC_ARC = YES;
				CLANG_WARN_BOOL_CONVERSION = YES;
				CLANG_WARN_CONSTANT_CONVERSION = YES;
				CLANG_WARN_DIRECT_OBJC_ISA_USAGE = YES_ERROR;
				CLANG_WARN_EMPTY_BODY = YES;
				CLANG_WARN_ENUM_CONVERSION = YES;
				CLANG_WARN_INT_CONVERSION = YES;
				CLANG_WARN_OBJC_ROOT_CLASS = YES_ERROR;
				CLANG_WARN_UNREACHABLE_CODE = YES;
				CLANG_WARN__DUPLICATE_METHOD_MATCH = YES;
				COPY_PHASE_STRIP = NO;
				DEBUG_INFORMATION_FORMAT = "dwarf-with-dsym";
				ENABLE_NS_ASSERTIONS = NO;
				ENABLE_STRICT_OBJC_MSGSEND = YES;
				GCC_C_LANGUAGE_STANDARD = gnu99;
				GCC_NO_COMMON_BLOCKS = YES;
				GCC_WARN_64_TO_32_BIT_CONVERSION = YES;
				GCC_WARN_ABOUT_RETURN_TYPE = YES_ERROR;
				GCC_WARN_UNDECLARED_SELECTOR = YES;
				GCC_WARN_UNINITIALIZED_AUTOS = YES_AGGRESSIVE;
				GCC_WARN_UNUSED_FUNCTION = YES;
				GCC_WARN_UNUSED_VARIABLE = YES;
				HEADER_SEARCH_PATHS = (
					"$(inherited)",
					/Applications/Xcode.app/Contents/Developer/Toolchains/XcodeDefault.xctoolchain/usr/include,
					../gtest/xcode/include,
					../gtest/xcode,
					../src,
					../gtest/xcode/src,
					../gtest,
				);
				MACOSX_DEPLOYMENT_TARGET = 10.10;
				MTL_ENABLE_DEBUG_INFO = NO;
				PRODUCT_NAME = "$(TARGET_NAME)";
				SDKROOT = macosx;
			};
			name = Release;
		};
		6DFD45A81AF7B59C00DD2E01 /* Debug */ = {
			isa = XCBuildConfiguration;
			buildSettings = {
			};
			name = Debug;
		};
		6DFD45A91AF7B59C00DD2E01 /* Release */ = {
			isa = XCBuildConfiguration;
			buildSettings = {
			};
			name = Release;
		};
/* End XCBuildConfiguration section */

/* Begin XCConfigurationList section */
		6D1662211AFE63AF0072495E /* Build configuration list for PBXNativeTarget "P2P" */ = {
			isa = XCConfigurationList;
			buildConfigurations = (
				6D1662221AFE63AF0072495E /* Debug */,
				6D1662231AFE63AF0072495E /* Release */,
			);
			defaultConfigurationIsVisible = 0;
			defaultConfigurationName = Release;
		};
		6DDB5C741AFF163D005E79D5 /* Build configuration list for PBXNativeTarget "gtest" */ = {
			isa = XCConfigurationList;
			buildConfigurations = (
				6DDB5C751AFF163D005E79D5 /* Debug */,
				6DDB5C761AFF163D005E79D5 /* Release */,
			);
			defaultConfigurationIsVisible = 0;
		};
		6DFD45A71AF7B59C00DD2E01 /* Build configuration list for PBXProject "libP2P" */ = {
			isa = XCConfigurationList;
			buildConfigurations = (
				6DFD45A81AF7B59C00DD2E01 /* Debug */,
				6DFD45A91AF7B59C00DD2E01 /* Release */,
			);
			defaultConfigurationIsVisible = 0;
			defaultConfigurationName = Release;
		};
/* End XCConfigurationList section */
	};
	rootObject = 6DFD45A41AF7B59C00DD2E01 /* Project object */;
}
