// !$*UTF8*$!
{
	archiveVersion = 1;
	classes = {
	};
	objectVersion = 46;
	objects = {

/* Begin PBXBuildFile section */
		6D3661C11AF7B70800629175 /* libP2P.h in Headers */ = {isa = PBXBuildFile; fileRef = 6D3661C01AF7B70800629175 /* libP2P.h */; };
		6D3661C31AF7B70800629175 /* libP2PPriv.h in Headers */ = {isa = PBXBuildFile; fileRef = 6D3661C21AF7B70800629175 /* libP2PPriv.h */; };
		6D3661C91AF7B77800629175 /* linklist.c in Sources */ = {isa = PBXBuildFile; fileRef = 6D3661971AF7B60400629175 /* linklist.c */; };
		6D3661CA1AF7B77800629175 /* log.c in Sources */ = {isa = PBXBuildFile; fileRef = 6D3661991AF7B60400629175 /* log.c */; };
		6D3661CB1AF7B77800629175 /* tools.c in Sources */ = {isa = PBXBuildFile; fileRef = 6D36619C1AF7B60400629175 /* tools.c */; };
		6D3661CC1AF7B77800629175 /* uuid.c in Sources */ = {isa = PBXBuildFile; fileRef = 6D36619E1AF7B60400629175 /* uuid.c */; };
		6D3661CD1AF7B77800629175 /* data.c in Sources */ = {isa = PBXBuildFile; fileRef = 6D3661A01AF7B61F00629175 /* data.c */; };
		6D3661CE1AF7B77800629175 /* libP2P.c in Sources */ = {isa = PBXBuildFile; fileRef = 6D3661A21AF7B61F00629175 /* libP2P.c */; };
		6D3661CF1AF7B77800629175 /* main.c in Sources */ = {isa = PBXBuildFile; fileRef = 6D3661A41AF7B61F00629175 /* main.c */; };
		6D3661D01AF7B77800629175 /* lan.c in Sources */ = {isa = PBXBuildFile; fileRef = 6D3661B11AF7B68900629175 /* lan.c */; };
		6D3661D11AF7B77800629175 /* server.c in Sources */ = {isa = PBXBuildFile; fileRef = 6D3661B31AF7B69A00629175 /* server.c */; };
		6D3661D21AF7B77800629175 /* session.c in Sources */ = {isa = PBXBuildFile; fileRef = 6D3661A51AF7B61F00629175 /* session.c */; };
		6D3661D31AF7B77800629175 /* socket_control.c in Sources */ = {isa = PBXBuildFile; fileRef = 6D3661B51AF7B6AD00629175 /* socket_control.c */; };
		6D3661D41AF7B77800629175 /* socket.c in Sources */ = {isa = PBXBuildFile; fileRef = 6D3661B71AF7B6AD00629175 /* socket.c */; };
		6D3661D51AF7B77800629175 /* task.c in Sources */ = {isa = PBXBuildFile; fileRef = 6D3661A71AF7B61F00629175 /* task.c */; };
		6D3661D61AF7B77800629175 /* thread.c in Sources */ = {isa = PBXBuildFile; fileRef = 6D3661A91AF7B61F00629175 /* thread.c */; };
		6D6C9B801AFC712700B017AF /* libpthread.dylib in Frameworks */ = {isa = PBXBuildFile; fileRef = 6D6C9B7F1AFC712700B017AF /* libpthread.dylib */; };
/* End PBXBuildFile section */

/* Begin PBXFileReference section */
		6D3661961AF7B60400629175 /* config.h */ = {isa = PBXFileReference; lastKnownFileType = sourcecode.c.h; name = config.h; path = ../src/basic/config.h; sourceTree = "<group>"; };
		6D3661971AF7B60400629175 /* linklist.c */ = {isa = PBXFileReference; lastKnownFileType = sourcecode.c.c; name = linklist.c; path = ../src/basic/linklist.c; sourceTree = "<group>"; };
		6D3661981AF7B60400629175 /* linklist.h */ = {isa = PBXFileReference; lastKnownFileType = sourcecode.c.h; name = linklist.h; path = ../src/basic/linklist.h; sourceTree = "<group>"; };
		6D3661991AF7B60400629175 /* log.c */ = {isa = PBXFileReference; lastKnownFileType = sourcecode.c.c; name = log.c; path = ../src/basic/log.c; sourceTree = "<group>"; };
		6D36619A1AF7B60400629175 /* log.h */ = {isa = PBXFileReference; lastKnownFileType = sourcecode.c.h; name = log.h; path = ../src/basic/log.h; sourceTree = "<group>"; };
		6D36619B1AF7B60400629175 /* protocal.h */ = {isa = PBXFileReference; lastKnownFileType = sourcecode.c.h; name = protocal.h; path = ../src/basic/protocal.h; sourceTree = "<group>"; };
		6D36619C1AF7B60400629175 /* tools.c */ = {isa = PBXFileReference; lastKnownFileType = sourcecode.c.c; name = tools.c; path = ../src/basic/tools.c; sourceTree = "<group>"; };
		6D36619D1AF7B60400629175 /* tools.h */ = {isa = PBXFileReference; lastKnownFileType = sourcecode.c.h; name = tools.h; path = ../src/basic/tools.h; sourceTree = "<group>"; };
		6D36619E1AF7B60400629175 /* uuid.c */ = {isa = PBXFileReference; lastKnownFileType = sourcecode.c.c; name = uuid.c; path = ../src/basic/uuid.c; sourceTree = "<group>"; };
		6D36619F1AF7B60400629175 /* uuid.h */ = {isa = PBXFileReference; lastKnownFileType = sourcecode.c.h; name = uuid.h; path = ../src/basic/uuid.h; sourceTree = "<group>"; };
		6D3661A01AF7B61F00629175 /* data.c */ = {isa = PBXFileReference; lastKnownFileType = sourcecode.c.c; name = data.c; path = ../src/data.c; sourceTree = "<group>"; };
		6D3661A11AF7B61F00629175 /* data.h */ = {isa = PBXFileReference; lastKnownFileType = sourcecode.c.h; name = data.h; path = ../src/data.h; sourceTree = "<group>"; };
		6D3661A21AF7B61F00629175 /* libP2P.c */ = {isa = PBXFileReference; lastKnownFileType = sourcecode.c.c; name = libP2P.c; path = ../src/libP2P.c; sourceTree = "<group>"; };
		6D3661A31AF7B61F00629175 /* libP2P.h */ = {isa = PBXFileReference; lastKnownFileType = sourcecode.c.h; name = libP2P.h; path = ../src/libP2P.h; sourceTree = "<group>"; };
		6D3661A41AF7B61F00629175 /* main.c */ = {isa = PBXFileReference; lastKnownFileType = sourcecode.c.c; name = main.c; path = ../src/main.c; sourceTree = "<group>"; };
		6D3661A51AF7B61F00629175 /* session.c */ = {isa = PBXFileReference; lastKnownFileType = sourcecode.c.c; name = session.c; path = ../src/session.c; sourceTree = "<group>"; };
		6D3661A61AF7B61F00629175 /* session.h */ = {isa = PBXFileReference; lastKnownFileType = sourcecode.c.h; name = session.h; path = ../src/session.h; sourceTree = "<group>"; };
		6D3661A71AF7B61F00629175 /* task.c */ = {isa = PBXFileReference; lastKnownFileType = sourcecode.c.c; name = task.c; path = ../src/task.c; sourceTree = "<group>"; };
		6D3661A81AF7B61F00629175 /* task.h */ = {isa = PBXFileReference; lastKnownFileType = sourcecode.c.h; name = task.h; path = ../src/task.h; sourceTree = "<group>"; };
		6D3661A91AF7B61F00629175 /* thread.c */ = {isa = PBXFileReference; lastKnownFileType = sourcecode.c.c; name = thread.c; path = ../src/thread.c; sourceTree = "<group>"; };
		6D3661AA1AF7B61F00629175 /* thread.h */ = {isa = PBXFileReference; lastKnownFileType = sourcecode.c.h; name = thread.h; path = ../src/thread.h; sourceTree = "<group>"; };
		6D3661AF1AF7B65500629175 /* def.h */ = {isa = PBXFileReference; lastKnownFileType = sourcecode.c.h; name = def.h; path = ../src/def/def.h; sourceTree = "<group>"; };
		6D3661B11AF7B68900629175 /* lan.c */ = {isa = PBXFileReference; lastKnownFileType = sourcecode.c.c; name = lan.c; path = ../src/module/lan/lan.c; sourceTree = "<group>"; };
		6D3661B21AF7B68900629175 /* lan.h */ = {isa = PBXFileReference; lastKnownFileType = sourcecode.c.h; name = lan.h; path = ../src/module/lan/lan.h; sourceTree = "<group>"; };
		6D3661B31AF7B69A00629175 /* server.c */ = {isa = PBXFileReference; lastKnownFileType = sourcecode.c.c; name = server.c; path = ../src/server/server.c; sourceTree = "<group>"; };
		6D3661B41AF7B69A00629175 /* server.h */ = {isa = PBXFileReference; lastKnownFileType = sourcecode.c.h; name = server.h; path = ../src/server/server.h; sourceTree = "<group>"; };
		6D3661B51AF7B6AD00629175 /* socket_control.c */ = {isa = PBXFileReference; lastKnownFileType = sourcecode.c.c; name = socket_control.c; path = ../src/socket/socket_control.c; sourceTree = "<group>"; };
		6D3661B61AF7B6AD00629175 /* socket_control.h */ = {isa = PBXFileReference; lastKnownFileType = sourcecode.c.h; name = socket_control.h; path = ../src/socket/socket_control.h; sourceTree = "<group>"; };
		6D3661B71AF7B6AD00629175 /* socket.c */ = {isa = PBXFileReference; lastKnownFileType = sourcecode.c.c; name = socket.c; path = ../src/socket/socket.c; sourceTree = "<group>"; };
		6D3661B81AF7B6AD00629175 /* socket.h */ = {isa = PBXFileReference; lastKnownFileType = sourcecode.c.h; name = socket.h; path = ../src/socket/socket.h; sourceTree = "<group>"; };
		6D3661BD1AF7B70800629175 /* liblibP2P.dylib */ = {isa = PBXFileReference; explicitFileType = "compiled.mach-o.dylib"; includeInIndex = 0; path = liblibP2P.dylib; sourceTree = BUILT_PRODUCTS_DIR; };
		6D3661C01AF7B70800629175 /* libP2P.h */ = {isa = PBXFileReference; lastKnownFileType = sourcecode.c.h; path = libP2P.h; sourceTree = "<group>"; };
		6D3661C21AF7B70800629175 /* libP2PPriv.h */ = {isa = PBXFileReference; lastKnownFileType = sourcecode.c.h; path = libP2PPriv.h; sourceTree = "<group>"; };
		6D3661C41AF7B70800629175 /* libP2P.cp */ = {isa = PBXFileReference; lastKnownFileType = sourcecode.cpp.cpp; path = libP2P.cp; sourceTree = "<group>"; };
		6D6C9B7F1AFC712700B017AF /* libpthread.dylib */ = {isa = PBXFileReference; lastKnownFileType = "compiled.mach-o.dylib"; name = libpthread.dylib; path = usr/lib/libpthread.dylib; sourceTree = SDKROOT; };
/* End PBXFileReference section */

/* Begin PBXFrameworksBuildPhase section */
		6D3661BA1AF7B70800629175 /* Frameworks */ = {
			isa = PBXFrameworksBuildPhase;
			buildActionMask = 2147483647;
			files = (
				6D6C9B801AFC712700B017AF /* libpthread.dylib in Frameworks */,
			);
			runOnlyForDeploymentPostprocessing = 0;
		};
/* End PBXFrameworksBuildPhase section */

/* Begin PBXGroup section */
		6D3661941AF7B5D600629175 /* src */ = {
			isa = PBXGroup;
			children = (
				6D3661951AF7B5E200629175 /* basic */,
				6D3661A01AF7B61F00629175 /* data.c */,
				6D3661A11AF7B61F00629175 /* data.h */,
				6D3661AB1AF7B62A00629175 /* def */,
				6D3661A21AF7B61F00629175 /* libP2P.c */,
				6D3661A31AF7B61F00629175 /* libP2P.h */,
				6D3661A41AF7B61F00629175 /* main.c */,
				6D3661AC1AF7B63000629175 /* module */,
				6D3661AD1AF7B63700629175 /* server */,
				6D3661A51AF7B61F00629175 /* session.c */,
				6D3661A61AF7B61F00629175 /* session.h */,
				6D3661AE1AF7B63F00629175 /* socket */,
				6D3661A71AF7B61F00629175 /* task.c */,
				6D3661A81AF7B61F00629175 /* task.h */,
				6D3661A91AF7B61F00629175 /* thread.c */,
				6D3661AA1AF7B61F00629175 /* thread.h */,
			);
			name = src;
			sourceTree = "<group>";
		};
		6D3661951AF7B5E200629175 /* basic */ = {
			isa = PBXGroup;
			children = (
				6D3661961AF7B60400629175 /* config.h */,
				6D3661971AF7B60400629175 /* linklist.c */,
				6D3661981AF7B60400629175 /* linklist.h */,
				6D3661991AF7B60400629175 /* log.c */,
				6D36619A1AF7B60400629175 /* log.h */,
				6D36619B1AF7B60400629175 /* protocal.h */,
				6D36619C1AF7B60400629175 /* tools.c */,
				6D36619D1AF7B60400629175 /* tools.h */,
				6D36619E1AF7B60400629175 /* uuid.c */,
				6D36619F1AF7B60400629175 /* uuid.h */,
			);
			name = basic;
			sourceTree = "<group>";
		};
		6D3661AB1AF7B62A00629175 /* def */ = {
			isa = PBXGroup;
			children = (
				6D3661AF1AF7B65500629175 /* def.h */,
			);
			name = def;
			sourceTree = "<group>";
		};
		6D3661AC1AF7B63000629175 /* module */ = {
			isa = PBXGroup;
			children = (
				6D3661B01AF7B66900629175 /* lan */,
			);
			name = module;
			sourceTree = "<group>";
		};
		6D3661AD1AF7B63700629175 /* server */ = {
			isa = PBXGroup;
			children = (
				6D3661B31AF7B69A00629175 /* server.c */,
				6D3661B41AF7B69A00629175 /* server.h */,
			);
			name = server;
			sourceTree = "<group>";
		};
		6D3661AE1AF7B63F00629175 /* socket */ = {
			isa = PBXGroup;
			children = (
				6D3661B51AF7B6AD00629175 /* socket_control.c */,
				6D3661B61AF7B6AD00629175 /* socket_control.h */,
				6D3661B71AF7B6AD00629175 /* socket.c */,
				6D3661B81AF7B6AD00629175 /* socket.h */,
			);
			name = socket;
			sourceTree = "<group>";
		};
		6D3661B01AF7B66900629175 /* lan */ = {
			isa = PBXGroup;
			children = (
				6D3661B11AF7B68900629175 /* lan.c */,
				6D3661B21AF7B68900629175 /* lan.h */,
			);
			name = lan;
			sourceTree = "<group>";
		};
		6D3661BE1AF7B70800629175 /* Products */ = {
			isa = PBXGroup;
			children = (
				6D3661BD1AF7B70800629175 /* liblibP2P.dylib */,
			);
			name = Products;
			sourceTree = "<group>";
		};
		6D3661BF1AF7B70800629175 /* libP2P */ = {
			isa = PBXGroup;
			children = (
				6D3661C01AF7B70800629175 /* libP2P.h */,
				6D3661C21AF7B70800629175 /* libP2PPriv.h */,
				6D3661C41AF7B70800629175 /* libP2P.cp */,
			);
			path = libP2P;
			sourceTree = "<group>";
		};
		6DFD45A31AF7B59C00DD2E01 = {
			isa = PBXGroup;
			children = (
				6D6C9B7F1AFC712700B017AF /* libpthread.dylib */,
				6D3661941AF7B5D600629175 /* src */,
				6D3661BF1AF7B70800629175 /* libP2P */,
				6D3661BE1AF7B70800629175 /* Products */,
			);
			sourceTree = "<group>";
		};
/* End PBXGroup section */

/* Begin PBXHeadersBuildPhase section */
		6D3661BB1AF7B70800629175 /* Headers */ = {
			isa = PBXHeadersBuildPhase;
			buildActionMask = 2147483647;
			files = (
				6D3661C31AF7B70800629175 /* libP2PPriv.h in Headers */,
				6D3661C11AF7B70800629175 /* libP2P.h in Headers */,
			);
			runOnlyForDeploymentPostprocessing = 0;
		};
/* End PBXHeadersBuildPhase section */

/* Begin PBXNativeTarget section */
		6D3661BC1AF7B70800629175 /* libP2P */ = {
			isa = PBXNativeTarget;
			buildConfigurationList = 6D3661C61AF7B70800629175 /* Build configuration list for PBXNativeTarget "libP2P" */;
			buildPhases = (
				6D3661B91AF7B70800629175 /* Sources */,
				6D3661BA1AF7B70800629175 /* Frameworks */,
				6D3661BB1AF7B70800629175 /* Headers */,
			);
			buildRules = (
			);
			dependencies = (
			);
			name = libP2P;
			productName = libP2P;
			productReference = 6D3661BD1AF7B70800629175 /* liblibP2P.dylib */;
			productType = "com.apple.product-type.library.dynamic";
		};
/* End PBXNativeTarget section */

/* Begin PBXProject section */
		6DFD45A41AF7B59C00DD2E01 /* Project object */ = {
			isa = PBXProject;
			attributes = {
				LastUpgradeCheck = 0630;
				TargetAttributes = {
					6D3661BC1AF7B70800629175 = {
						CreatedOnToolsVersion = 6.3.1;
					};
				};
			};
			buildConfigurationList = 6DFD45A71AF7B59C00DD2E01 /* Build configuration list for PBXProject "libP2P" */;
			compatibilityVersion = "Xcode 3.2";
			developmentRegion = English;
			hasScannedForEncodings = 0;
			knownRegions = (
				en,
			);
			mainGroup = 6DFD45A31AF7B59C00DD2E01;
			productRefGroup = 6D3661BE1AF7B70800629175 /* Products */;
			projectDirPath = "";
			projectRoot = "";
			targets = (
				6D3661BC1AF7B70800629175 /* libP2P */,
			);
		};
/* End PBXProject section */

/* Begin PBXSourcesBuildPhase section */
		6D3661B91AF7B70800629175 /* Sources */ = {
			isa = PBXSourcesBuildPhase;
			buildActionMask = 2147483647;
			files = (
				6D3661C91AF7B77800629175 /* linklist.c in Sources */,
				6D3661CA1AF7B77800629175 /* log.c in Sources */,
				6D3661CB1AF7B77800629175 /* tools.c in Sources */,
				6D3661CC1AF7B77800629175 /* uuid.c in Sources */,
				6D3661CD1AF7B77800629175 /* data.c in Sources */,
				6D3661CE1AF7B77800629175 /* libP2P.c in Sources */,
				6D3661CF1AF7B77800629175 /* main.c in Sources */,
				6D3661D01AF7B77800629175 /* lan.c in Sources */,
				6D3661D11AF7B77800629175 /* server.c in Sources */,
				6D3661D21AF7B77800629175 /* session.c in Sources */,
				6D3661D31AF7B77800629175 /* socket_control.c in Sources */,
				6D3661D41AF7B77800629175 /* socket.c in Sources */,
				6D3661D51AF7B77800629175 /* task.c in Sources */,
				6D3661D61AF7B77800629175 /* thread.c in Sources */,
			);
			runOnlyForDeploymentPostprocessing = 0;
		};
/* End PBXSourcesBuildPhase section */

/* Begin XCBuildConfiguration section */
		6D3661C71AF7B70800629175 /* Debug */ = {
			isa = XCBuildConfiguration;
			buildSettings = {
				ALWAYS_SEARCH_USER_PATHS = NO;
				BUILD_VARIANTS = normal;
				CLANG_CXX_LANGUAGE_STANDARD = "gnu++0x";
				CLANG_CXX_LIBRARY = "libc++";
				CLANG_ENABLE_MODULES = YES;
				CLANG_ENABLE_OBJC_ARC = YES;
				CLANG_WARN_BOOL_CONVERSION = YES;
				CLANG_WARN_CONSTANT_CONVERSION = YES;
				CLANG_WARN_DIRECT_OBJC_ISA_USAGE = YES_ERROR;
				CLANG_WARN_EMPTY_BODY = YES;
				CLANG_WARN_ENUM_CONVERSION = YES;
				CLANG_WARN_INT_CONVERSION = YES;
				CLANG_WARN_OBJC_ROOT_CLASS = YES_ERROR;
				CLANG_WARN_UNREACHABLE_CODE = YES;
				CLANG_WARN__DUPLICATE_METHOD_MATCH = YES;
				COPY_PHASE_STRIP = NO;
				DEBUG_INFORMATION_FORMAT = dwarf;
				DYLIB_COMPATIBILITY_VERSION = 1;
				DYLIB_CURRENT_VERSION = 1;
				ENABLE_STRICT_OBJC_MSGSEND = YES;
				EXECUTABLE_PREFIX = lib;
				GCC_C_LANGUAGE_STANDARD = gnu99;
				GCC_DYNAMIC_NO_PIC = NO;
				GCC_ENABLE_CPP_EXCEPTIONS = YES;
				GCC_ENABLE_CPP_RTTI = YES;
				GCC_NO_COMMON_BLOCKS = YES;
				GCC_OPTIMIZATION_LEVEL = 0;
				GCC_PREPROCESSOR_DEFINITIONS = (
					"DEBUG=1",
					"$(inherited)",
				);
				GCC_SYMBOLS_PRIVATE_EXTERN = NO;
				GCC_WARN_64_TO_32_BIT_CONVERSION = YES;
				GCC_WARN_ABOUT_RETURN_TYPE = YES_ERROR;
				GCC_WARN_UNDECLARED_SELECTOR = YES;
				GCC_WARN_UNINITIALIZED_AUTOS = YES_AGGRESSIVE;
				GCC_WARN_UNUSED_FUNCTION = YES;
				GCC_WARN_UNUSED_VARIABLE = YES;
				HEADER_SEARCH_PATHS = (
					"$(inherited)",
					/Applications/Xcode.app/Contents/Developer/Toolchains/XcodeDefault.xctoolchain/usr/include,
					../src/,
				);
				MACOSX_DEPLOYMENT_TARGET = 10.10;
				MTL_ENABLE_DEBUG_INFO = YES;
				ONLY_ACTIVE_ARCH = YES;
				PRODUCT_NAME = "$(TARGET_NAME)";
				SDKROOT = macosx;
			};
			name = Debug;
		};
		6D3661C81AF7B70800629175 /* Release */ = {
			isa = XCBuildConfiguration;
			buildSettings = {
				ALWAYS_SEARCH_USER_PATHS = NO;
				BUILD_VARIANTS = normal;
				CLANG_CXX_LANGUAGE_STANDARD = "gnu++0x";
				CLANG_CXX_LIBRARY = "libc++";
				CLANG_ENABLE_MODULES = YES;
				CLANG_ENABLE_OBJC_ARC = YES;
				CLANG_WARN_BOOL_CONVERSION = YES;
				CLANG_WARN_CONSTANT_CONVERSION = YES;
				CLANG_WARN_DIRECT_OBJC_ISA_USAGE = YES_ERROR;
				CLANG_WARN_EMPTY_BODY = YES;
				CLANG_WARN_ENUM_CONVERSION = YES;
				CLANG_WARN_INT_CONVERSION = YES;
				CLANG_WARN_OBJC_ROOT_CLASS = YES_ERROR;
				CLANG_WARN_UNREACHABLE_CODE = YES;
				CLANG_WARN__DUPLICATE_METHOD_MATCH = YES;
				COPY_PHASE_STRIP = NO;
				DEBUG_INFORMATION_FORMAT = "dwarf-with-dsym";
				DYLIB_COMPATIBILITY_VERSION = 1;
				DYLIB_CURRENT_VERSION = 1;
				ENABLE_NS_ASSERTIONS = NO;
				ENABLE_STRICT_OBJC_MSGSEND = YES;
				EXECUTABLE_PREFIX = lib;
				GCC_C_LANGUAGE_STANDARD = gnu99;
				GCC_ENABLE_CPP_EXCEPTIONS = YES;
				GCC_ENABLE_CPP_RTTI = YES;
				GCC_NO_COMMON_BLOCKS = YES;
				GCC_SYMBOLS_PRIVATE_EXTERN = YES;
				GCC_WARN_64_TO_32_BIT_CONVERSION = YES;
				GCC_WARN_ABOUT_RETURN_TYPE = YES_ERROR;
				GCC_WARN_UNDECLARED_SELECTOR = YES;
				GCC_WARN_UNINITIALIZED_AUTOS = YES_AGGRESSIVE;
				GCC_WARN_UNUSED_FUNCTION = YES;
				GCC_WARN_UNUSED_VARIABLE = YES;
				HEADER_SEARCH_PATHS = (
					"$(inherited)",
					/Applications/Xcode.app/Contents/Developer/Toolchains/XcodeDefault.xctoolchain/usr/include,
					../src/,
				);
				MACOSX_DEPLOYMENT_TARGET = 10.10;
				MTL_ENABLE_DEBUG_INFO = NO;
				PRODUCT_NAME = "$(TARGET_NAME)";
				SDKROOT = macosx;
			};
			name = Release;
		};
		6DFD45A81AF7B59C00DD2E01 /* Debug */ = {
			isa = XCBuildConfiguration;
			buildSettings = {
			};
			name = Debug;
		};
		6DFD45A91AF7B59C00DD2E01 /* Release */ = {
			isa = XCBuildConfiguration;
			buildSettings = {
			};
			name = Release;
		};
/* End XCBuildConfiguration section */

/* Begin XCConfigurationList section */
		6D3661C61AF7B70800629175 /* Build configuration list for PBXNativeTarget "libP2P" */ = {
			isa = XCConfigurationList;
			buildConfigurations = (
				6D3661C71AF7B70800629175 /* Debug */,
				6D3661C81AF7B70800629175 /* Release */,
			);
			defaultConfigurationIsVisible = 0;
			defaultConfigurationName = Release;
		};
		6DFD45A71AF7B59C00DD2E01 /* Build configuration list for PBXProject "libP2P" */ = {
			isa = XCConfigurationList;
			buildConfigurations = (
				6DFD45A81AF7B59C00DD2E01 /* Debug */,
				6DFD45A91AF7B59C00DD2E01 /* Release */,
			);
			defaultConfigurationIsVisible = 0;
			defaultConfigurationName = Release;
		};
/* End XCConfigurationList section */
	};
	rootObject = 6DFD45A41AF7B59C00DD2E01 /* Project object */;
}
