
Microsoft Visual Studio Solution File, Format Version 12.00
# Visual Studio 2012
Project("{8BC9CEB8-8B4A-11D0-8D11-00A0C91BC942}") = "libP2P", "libP2P.vcxproj", "{B138915E-F2AB-4EBC-8A31-41B26C0D9432}"
EndProject
Project("{8BC9CEB8-8B4A-11D0-8D11-00A0C91BC942}") = "testP2P", "..\test\vs2012\testP2P.vcxproj", "{BF0346A3-ADBE-4C23-B870-F5B7C800C9C1}"
	ProjectSection(ProjectDependencies) = postProject
		{B138915E-F2AB-4EBC-8A31-41B26C0D9432} = {B138915E-F2AB-4EBC-8A31-41B26C0D9432}
	EndProjectSection
EndProject
Global
	GlobalSection(SolutionConfigurationPlatforms) = preSolution
		Debug|Win32 = Debug|Win32
		Release|Win32 = Release|Win32
		test|Win32 = test|Win32
	EndGlobalSection
	GlobalSection(ProjectConfigurationPlatforms) = postSolution
		{B138915E-F2AB-4EBC-8A31-41B26C0D9432}.Debug|Win32.ActiveCfg = Debug|Win32
		{B138915E-F2AB-4EBC-8A31-41B26C0D9432}.Debug|Win32.Build.0 = Debug|Win32
		{B138915E-F2AB-4EBC-8A31-41B26C0D9432}.Release|Win32.ActiveCfg = Release|Win32
		{B138915E-F2AB-4EBC-8A31-41B26C0D9432}.Release|Win32.Build.0 = Release|Win32
		{B138915E-F2AB-4EBC-8A31-41B26C0D9432}.test|Win32.ActiveCfg = test|Win32
		{B138915E-F2AB-4EBC-8A31-41B26C0D9432}.test|Win32.Build.0 = test|Win32
		{BF0346A3-ADBE-4C23-B870-F5B7C800C9C1}.Debug|Win32.ActiveCfg = Debug|Win32
		{BF0346A3-ADBE-4C23-B870-F5B7C800C9C1}.Debug|Win32.Build.0 = Debug|Win32
		{BF0346A3-ADBE-4C23-B870-F5B7C800C9C1}.Release|Win32.ActiveCfg = Release|Win32
		{BF0346A3-ADBE-4C23-B870-F5B7C800C9C1}.Release|Win32.Build.0 = Release|Win32
		{BF0346A3-ADBE-4C23-B870-F5B7C800C9C1}.test|Win32.ActiveCfg = Debug|Win32
	EndGlobalSection
	GlobalSection(SolutionProperties) = preSolution
		HideSolutionNode = FALSE
	EndGlobalSection
EndGlobal
