<?xml version="1.0" encoding="utf-8"?>
<Project ToolsVersion="4.0" xmlns="http://schemas.microsoft.com/developer/msbuild/2003">
  <ItemGroup>
    <Filter Include="資源檔">
      <UniqueIdentifier>{67DA6AB6-F800-4c08-8B7A-83BB121AAD01}</UniqueIdentifier>
      <Extensions>rc;ico;cur;bmp;dlg;rc2;rct;bin;rgs;gif;jpg;jpeg;jpe;resx;tiff;tif;png;wav;mfcribbon-ms</Extensions>
    </Filter>
    <Filter Include="src">
      <UniqueIdentifier>{4ccdd219-a1ce-463c-88d8-0e6a154d1589}</UniqueIdentifier>
    </Filter>
    <Filter Include="src\socket">
      <UniqueIdentifier>{aa7cf61b-9073-44fc-a2b4-810f0e961943}</UniqueIdentifier>
    </Filter>
    <Filter Include="src\server">
      <UniqueIdentifier>{2abcf39d-0b2b-4584-9862-d7990c3c4ceb}</UniqueIdentifier>
    </Filter>
    <Filter Include="src\module">
      <UniqueIdentifier>{63c6bb92-1397-4085-aebe-1b56fa18d20e}</UniqueIdentifier>
    </Filter>
  </ItemGroup>
  <ItemGroup>
    <Text Include="ReadMe.txt" />
  </ItemGroup>
  <ItemGroup>
    <ClInclude Include="..\src\libP2P.h">
      <Filter>src</Filter>
    </ClInclude>
    <ClInclude Include="..\src\config.h">
      <Filter>src</Filter>
    </ClInclude>
    <ClInclude Include="..\src\log.h">
      <Filter>src</Filter>
    </ClInclude>
    <ClInclude Include="..\src\tools.h">
      <Filter>src</Filter>
    </ClInclude>
    <ClInclude Include="..\src\socket\socket.h">
      <Filter>src\socket</Filter>
    </ClInclude>
    <ClInclude Include="..\src\uuid.h">
      <Filter>src</Filter>
    </ClInclude>
    <ClInclude Include="..\src\data.h">
      <Filter>src</Filter>
    </ClInclude>
    <ClInclude Include="..\src\def.h">
      <Filter>src</Filter>
    </ClInclude>
    <ClInclude Include="..\src\thread.h">
      <Filter>src</Filter>
    </ClInclude>
    <ClInclude Include="..\src\server\server.h">
      <Filter>src\server</Filter>
    </ClInclude>
    <ClInclude Include="..\src\module\lan.h">
      <Filter>src\module</Filter>
    </ClInclude>
  </ItemGroup>
  <ItemGroup>
    <ClCompile Include="..\src\libP2P.c">
      <Filter>src</Filter>
    </ClCompile>
    <ClCompile Include="..\src\log.c">
      <Filter>src</Filter>
    </ClCompile>
    <ClCompile Include="..\src\tools.c">
      <Filter>src</Filter>
    </ClCompile>
    <ClCompile Include="..\src\socket\socket.c">
      <Filter>src\socket</Filter>
    </ClCompile>
    <ClCompile Include="..\src\uuid.c">
      <Filter>src</Filter>
    </ClCompile>
    <ClCompile Include="..\src\data.c">
      <Filter>src</Filter>
    </ClCompile>
    <ClCompile Include="..\src\thread.c">
      <Filter>src</Filter>
    </ClCompile>
    <ClCompile Include="..\src\server\server.c">
      <Filter>src\server</Filter>
    </ClCompile>
    <ClCompile Include="..\src\module\lan.c">
      <Filter>src\module</Filter>
    </ClCompile>
  </ItemGroup>
</Project>