<?xml version="1.0" encoding="utf-8"?>
<Project ToolsVersion="4.0" xmlns="http://schemas.microsoft.com/developer/msbuild/2003">
  <ItemGroup>
    <Filter Include="資源檔">
      <UniqueIdentifier>{67DA6AB6-F800-4c08-8B7A-83BB121AAD01}</UniqueIdentifier>
      <Extensions>rc;ico;cur;bmp;dlg;rc2;rct;bin;rgs;gif;jpg;jpeg;jpe;resx;tiff;tif;png;wav;mfcribbon-ms</Extensions>
    </Filter>
    <Filter Include="src">
      <UniqueIdentifier>{4ccdd219-a1ce-463c-88d8-0e6a154d1589}</UniqueIdentifier>
    </Filter>
    <Filter Include="src\socket">
      <UniqueIdentifier>{aa7cf61b-9073-44fc-a2b4-810f0e961943}</UniqueIdentifier>
    </Filter>
    <Filter Include="src\server">
      <UniqueIdentifier>{2abcf39d-0b2b-4584-9862-d7990c3c4ceb}</UniqueIdentifier>
    </Filter>
    <Filter Include="src\module">
      <UniqueIdentifier>{63c6bb92-1397-4085-aebe-1b56fa18d20e}</UniqueIdentifier>
    </Filter>
    <Filter Include="src\module\lan">
      <UniqueIdentifier>{62d3a581-03b0-403c-8775-45e433807ce3}</UniqueIdentifier>
    </Filter>
    <Filter Include="src\basic">
      <UniqueIdentifier>{b66abd6d-28bb-48a6-b8b6-12530458edd0}</UniqueIdentifier>
    </Filter>
    <Filter Include="src\def">
      <UniqueIdentifier>{bf5afeaa-ad6c-4159-8fe1-694ba1a8a410}</UniqueIdentifier>
    </Filter>
  </ItemGroup>
  <ItemGroup>
    <Text Include="ReadMe.txt" />
  </ItemGroup>
  <ItemGroup>
    <ClInclude Include="..\src\socket\socket.h">
      <Filter>src\socket</Filter>
    </ClInclude>
    <ClInclude Include="..\src\server\server.h">
      <Filter>src\server</Filter>
    </ClInclude>
    <ClInclude Include="..\src\module\lan\lan.h">
      <Filter>src\module\lan</Filter>
    </ClInclude>
    <ClInclude Include="..\src\socket\socket_control.h">
      <Filter>src\socket</Filter>
    </ClInclude>
    <ClInclude Include="..\src\basic\config.h">
      <Filter>src\basic</Filter>
    </ClInclude>
    <ClInclude Include="..\src\basic\tools.h">
      <Filter>src\basic</Filter>
    </ClInclude>
    <ClInclude Include="..\src\basic\uuid.h">
      <Filter>src\basic</Filter>
    </ClInclude>
    <ClInclude Include="..\src\data.h">
      <Filter>src</Filter>
    </ClInclude>
    <ClInclude Include="..\src\libP2P.h">
      <Filter>src</Filter>
    </ClInclude>
    <ClInclude Include="..\src\task.h">
      <Filter>src</Filter>
    </ClInclude>
    <ClInclude Include="..\src\thread.h">
      <Filter>src</Filter>
    </ClInclude>
    <ClInclude Include="..\src\basic\log.h">
      <Filter>src\basic</Filter>
    </ClInclude>
    <ClInclude Include="..\src\session.h">
      <Filter>src</Filter>
    </ClInclude>
    <ClInclude Include="..\src\basic\protocal.h">
      <Filter>src\basic</Filter>
    </ClInclude>
    <ClInclude Include="..\src\basic\linklist.h">
      <Filter>src\basic</Filter>
    </ClInclude>
    <ClInclude Include="..\src\def\def.h">
      <Filter>src\def</Filter>
    </ClInclude>
  </ItemGroup>
  <ItemGroup>
    <ClCompile Include="..\src\socket\socket.c">
      <Filter>src\socket</Filter>
    </ClCompile>
    <ClCompile Include="..\src\server\server.c">
      <Filter>src\server</Filter>
    </ClCompile>
    <ClCompile Include="..\src\module\lan\lan.c">
      <Filter>src\module\lan</Filter>
    </ClCompile>
    <ClCompile Include="..\src\socket\socket_control.c">
      <Filter>src\socket</Filter>
    </ClCompile>
    <ClCompile Include="..\src\basic\tools.c">
      <Filter>src\basic</Filter>
    </ClCompile>
    <ClCompile Include="..\src\basic\uuid.c">
      <Filter>src\basic</Filter>
    </ClCompile>
    <ClCompile Include="..\src\data.c">
      <Filter>src</Filter>
    </ClCompile>
    <ClCompile Include="..\src\libP2P.c">
      <Filter>src</Filter>
    </ClCompile>
    <ClCompile Include="..\src\task.c">
      <Filter>src</Filter>
    </ClCompile>
    <ClCompile Include="..\src\thread.c">
      <Filter>src</Filter>
    </ClCompile>
    <ClCompile Include="..\src\basic\log.c">
      <Filter>src\basic</Filter>
    </ClCompile>
    <ClCompile Include="..\src\session.c">
      <Filter>src</Filter>
    </ClCompile>
    <ClCompile Include="..\src\basic\linklist.c">
      <Filter>src\basic</Filter>
    </ClCompile>
    <ClCompile Include="..\src\main.c">
      <Filter>src</Filter>
    </ClCompile>
  </ItemGroup>
</Project>